
Microsoft Visual Studio Solution File, Format Version 12.00
# Visual Studio Version 16
VisualStudioVersion = 16.0.31112.23
MinimumVisualStudioVersion = 10.0.40219.1
Project("{FAE04EC0-301F-11D3-BF4B-00C04F79EFBC}") = "Entities", "Entities\Entities.csproj", "{30AE1AA1-7855-4587-8B2B-CD807798B382}"
EndProject
Project("{FAE04EC0-301F-11D3-BF4B-00C04F79EFBC}") = "DataAccess", "DataAccess\DataAccess.csproj", "{61CCE546-AE9A-49B5-B173-8D324ED98FAC}"
EndProject
Project("{FAE04EC0-301F-11D3-BF4B-00C04F79EFBC}") = "Core", "Core\Core.csproj", "{609CEE30-2567-4562-8F1D-B384544CE55D}"
EndProject
Project("{FAE04EC0-301F-11D3-BF4B-00C04F79EFBC}") = "Business", "Business\Business.csproj", "{99021C68-3350-4FB2-BDAA-E4AB202C8AC5}"
EndProject
Global
	GlobalSection(SolutionConfigurationPlatforms) = preSolution
		Debug|Any CPU = Debug|Any CPU
		Release|Any CPU = Release|Any CPU
	EndGlobalSection
	GlobalSection(ProjectConfigurationPlatforms) = postSolution
		{30AE1AA1-7855-4587-8B2B-CD807798B382}.Debug|Any CPU.ActiveCfg = Debug|Any CPU
		{30AE1AA1-7855-4587-8B2B-CD807798B382}.Debug|Any CPU.Build.0 = Debug|Any CPU
		{30AE1AA1-7855-4587-8B2B-CD807798B382}.Release|Any CPU.ActiveCfg = Release|Any CPU
		{30AE1AA1-7855-4587-8B2B-CD807798B382}.Release|Any CPU.Build.0 = Release|Any CPU
		{61CCE546-AE9A-49B5-B173-8D324ED98FAC}.Debug|Any CPU.ActiveCfg = Debug|Any CPU
		{61CCE546-AE9A-49B5-B173-8D324ED98FAC}.Debug|Any CPU.Build.0 = Debug|Any CPU
		{61CCE546-AE9A-49B5-B173-8D324ED98FAC}.Release|Any CPU.ActiveCfg = Release|Any CPU
		{61CCE546-AE9A-49B5-B173-8D324ED98FAC}.Release|Any CPU.Build.0 = Release|Any CPU
		{609CEE30-2567-4562-8F1D-B384544CE55D}.Debug|Any CPU.ActiveCfg = Debug|Any CPU
		{609CEE30-2567-4562-8F1D-B384544CE55D}.Debug|Any CPU.Build.0 = Debug|Any CPU
		{609CEE30-2567-4562-8F1D-B384544CE55D}.Release|Any CPU.ActiveCfg = Release|Any CPU
		{609CEE30-2567-4562-8F1D-B384544CE55D}.Release|Any CPU.Build.0 = Release|Any CPU
		{99021C68-3350-4FB2-BDAA-E4AB202C8AC5}.Debug|Any CPU.ActiveCfg = Debug|Any CPU
		{99021C68-3350-4FB2-BDAA-E4AB202C8AC5}.Debug|Any CPU.Build.0 = Debug|Any CPU
		{99021C68-3350-4FB2-BDAA-E4AB202C8AC5}.Release|Any CPU.ActiveCfg = Release|Any CPU
		{99021C68-3350-4FB2-BDAA-E4AB202C8AC5}.Release|Any CPU.Build.0 = Release|Any CPU
	EndGlobalSection
	GlobalSection(SolutionProperties) = preSolution
		HideSolutionNode = FALSE
	EndGlobalSection
	GlobalSection(ExtensibilityGlobals) = postSolution
		SolutionGuid = {18D4161A-7A27-4C4F-9913-9C159815758E}
	EndGlobalSection
EndGlobal
